
Microsoft Visual Studio Solution File, Format Version 12.00
# Visual Studio Version 16
VisualStudioVersion = 16.0.30804.86
MinimumVisualStudioVersion = 10.0.40219.1
Project("{FAE04EC0-301F-11D3-BF4B-00C04F79EFBC}") = "DictionaryClassDemo", "DictionaryClassDemo\DictionaryClassDemo.csproj", "{5EDF6068-771B-46DD-A979-89A86F759309}"
EndProject
Global
	GlobalSection(SolutionConfigurationPlatforms) = preSolution
		Debug|Any CPU = Debug|Any CPU
		Release|Any CPU = Release|Any CPU
	EndGlobalSection
	GlobalSection(ProjectConfigurationPlatforms) = postSolution
		{5EDF6068-771B-46DD-A979-89A86F759309}.Debug|Any CPU.ActiveCfg = Debug|Any CPU
		{5EDF6068-771B-46DD-A979-89A86F759309}.Debug|Any CPU.Build.0 = Debug|Any CPU
		{5EDF6068-771B-46DD-A979-89A86F759309}.Release|Any CPU.ActiveCfg = Release|Any CPU
		{5EDF6068-771B-46DD-A979-89A86F759309}.Release|Any CPU.Build.0 = Release|Any CPU
	EndGlobalSection
	GlobalSection(SolutionProperties) = preSolution
		HideSolutionNode = FALSE
	EndGlobalSection
	GlobalSection(ExtensibilityGlobals) = postSolution
		SolutionGuid = {F0C324F0-0E68-4986-A846-F6A2D514BB3D}
	EndGlobalSection
EndGlobal
